Microsoft Visual Studio Solution File, Format Version 11.00
# Visual Studio 2008

Project("{1D24458F-3F4A-7C24-2912-ABA6874314AF}") = "kpate222_ApplePickerProject", "Assembly-CSharp.csproj", "{8068B6D1-E287-A170-198A-3B17E55E6582}"
EndProject
Global
	GlobalSection(SolutionConfigurationPlatforms) = preSolution
		Debug|Any CPU = Debug|Any CPU
		Release|Any CPU = Release|Any CPU
	EndGlobalSection
	GlobalSection(ProjectConfigurationPlatforms) = postSolution
		{8068B6D1-E287-A170-198A-3B17E55E6582}.Debug|Any CPU.ActiveCfg = Debug|Any CPU
		{8068B6D1-E287-A170-198A-3B17E55E6582}.Debug|Any CPU.Build.0 = Debug|Any CPU
		{8068B6D1-E287-A170-198A-3B17E55E6582}.Release|Any CPU.ActiveCfg = Release|Any CPU
		{8068B6D1-E287-A170-198A-3B17E55E6582}.Release|Any CPU.Build.0 = Release|Any CPU
	EndGlobalSection
	GlobalSection(SolutionProperties) = preSolution
		HideSolutionNode = FALSE
	EndGlobalSection
	GlobalSection(MonoDevelopProperties) = preSolution
		StartupItem = Assembly-CSharp.csproj
	EndGlobalSection
EndGlobal
